
Microsoft Visual Studio Solution File, Format Version 12.00
# Visual Studio Version 17
VisualStudioVersion = 17.13.35931.197
MinimumVisualStudioVersion = 10.0.40219.1
Project("{2150E333-8FDC-42A3-9474-1A3956D46DE8}") = "Front-end", "Front-end", "{02EA681E-C7D8-13C7-8484-4AC65E1B71E8}"
EndProject
Project("{2150E333-8FDC-42A3-9474-1A3956D46DE8}") = "Back-End", "Back-End", "{2B450847-37CE-4291-A105-06FED907BE06}"
EndProject
Project("{FAE04EC0-301F-11D3-BF4B-00C04F79EFBC}") = "ServerApi", "ServerApi\ServerApi.csproj", "{A0DA0E1D-4AFF-441A-9417-11E83D8AC852}"
EndProject
Global
	GlobalSection(SolutionConfigurationPlatforms) = preSolution
		Debug|Any CPU = Debug|Any CPU
		Release|Any CPU = Release|Any CPU
	EndGlobalSection
	GlobalSection(ProjectConfigurationPlatforms) = postSolution
		{A0DA0E1D-4AFF-441A-9417-11E83D8AC852}.Debug|Any CPU.ActiveCfg = Debug|Any CPU
		{A0DA0E1D-4AFF-441A-9417-11E83D8AC852}.Debug|Any CPU.Build.0 = Debug|Any CPU
		{A0DA0E1D-4AFF-441A-9417-11E83D8AC852}.Release|Any CPU.ActiveCfg = Release|Any CPU
		{A0DA0E1D-4AFF-441A-9417-11E83D8AC852}.Release|Any CPU.Build.0 = Release|Any CPU
	EndGlobalSection
	GlobalSection(SolutionProperties) = preSolution
		HideSolutionNode = FALSE
	EndGlobalSection
	GlobalSection(NestedProjects) = preSolution
		{A0DA0E1D-4AFF-441A-9417-11E83D8AC852} = {2B450847-37CE-4291-A105-06FED907BE06}
	EndGlobalSection
	GlobalSection(ExtensibilityGlobals) = postSolution
		SolutionGuid = {C9B28729-91D9-4BC9-9C32-BF7B9C043856}
	EndGlobalSection
EndGlobal
